version = 1
revision = 3
requires-python = ">=3.14"

[[package]]
name = "dotenv"
version = "0.9.9"
source = { registry = "https://pypi.org/simple" }
dependencies = [
    { name = "python-dotenv" },
]
wheels = [
    { url = "https://files.pythonhosted.org/packages/b2/b7/545d2c10c1fc15e48653c91efde329a790f2eecfbbf2bd16003b5db2bab0/dotenv-0.9.9-py2.py3-none-any.whl", hash = "sha256:29cf74a087b31dafdb5a446b6d7e11cbce8ed2741540e2339c69fbef92c94ce9", size = 1892, upload-time = "2025-02-19T22:15:01.647Z" },
]

[[package]]
name = "python-dotenv"
version = "1.2.2"
source = { registry = "https://pypi.org/simple" }
sdist = { url = "https://files.pythonhosted.org/packages/82/ed/0301aeeac3e5353ef3d94b6ec08bbcabd04a72018415dcb29e588514bba8/python_dotenv-1.2.2.tar.gz", hash = "sha256:2c371a91fbd7ba082c2c1dc1f8bf89ca22564a087c2c287cd9b662adde799cf3", size = 50135, upload-time = "2026-03-01T16:00:26.196Z" }
wheels = [
    { url = "https://files.pythonhosted.org/packages/0b/d7/1959b9648791274998a9c3526f6d0ec8fd2233e4d4acce81bbae76b44b2a/python_dotenv-1.2.2-py3-none-any.whl", hash = "sha256:1d8214789a24de455a8b8bd8ae6fe3c6b69a5e3d64aa8a8e5d68e694bbcb285a", size = 22101, upload-time = "2026-03-01T16:00:25.09Z" },
]

[[package]]
name = "scrape-chatgpt"
version = "0.1.0"
source = { editable = "." }
dependencies = [
    { name = "dotenv" },
    { name = "wreq" },
]

[package.metadata]
requires-dist = [
    { name = "dotenv", specifier = ">=0.9.9" },
    { name = "wreq", specifier = ">=0.12.1" },
]

[[package]]
name = "wreq"
version = "0.12.1"
source = { registry = "https://pypi.org/simple" }
sdist = { url = "https://files.pythonhosted.org/packages/ea/2c/b756c6e5cd3668bad9763f9ac898e72fdf3967d4924f168f7cea9a4faccb/wreq-0.12.1.tar.gz", hash = "sha256:f3cff9792b489d6f3b9e333e3ea76a067b648b5146b8326b3a2c99af7a089639", size = 198922, upload-time = "2026-07-11T15:32:05.392Z" }
wheels = [
    { url = "https://files.pythonhosted.org/packages/51/90/50a851077398e4c03eb725589f2fa3c35bfbe7eb6b5b8a8c7ba2183c54b2/wreq-0.12.1-cp311-abi3-macosx_10_12_x86_64.whl", hash = "sha256:1b6ec5531fff798b15b7e1f1d26af792f39b65f7437e421bd87481d27075ae10", size = 4103779, upload-time = "2026-07-11T15:31:18.575Z" },
    { url = "https://files.pythonhosted.org/packages/b4/77/45f53c52087d67caa46377059c0b560aff02362de6ebe5510c1c787419a1/wreq-0.12.1-cp311-abi3-macosx_11_0_arm64.whl", hash = "sha256:95dc68afa31a01ed84aba690033551a9254a5fcd485332ef1f0aa96c10933ea3", size = 3897613, upload-time = "2026-07-11T15:31:20.562Z" },
    { url = "https://files.pythonhosted.org/packages/5a/3b/3891e6fd86b046c39ceb97a40b72ebe5d7d37fe58427849b6fb9769e749b/wreq-0.12.1-cp311-abi3-manylinux_2_17_x86_64.manylinux2014_x86_64.whl", hash = "sha256:a953695806907711ce9f710521ab09635211c4a2788847dc9b4ef96f5ddacaa3", size = 4364052, upload-time = "2026-07-11T15:31:22.281Z" },
    { url = "https://files.pythonhosted.org/packages/28/63/7d1155e7608db16362edf3fd87190c1f16fb7b393f011f39ea494e348567/wreq-0.12.1-cp311-abi3-manylinux_2_34_aarch64.whl", hash = "sha256:61bbf56c5f42e8ca627bdfc19ff9f03350d42ee965462458c37e2d2d66a389dc", size = 4341443, upload-time = "2026-07-11T15:31:24.137Z" },
    { url = "https://files.pythonhosted.org/packages/f3/93/ae560bd47078070b79371f8af943dafc70fafd4f8415d41044ba6e7e117c/wreq-0.12.1-cp311-abi3-manylinux_2_34_armv7l.whl", hash = "sha256:f5b7e3525e36162eeae698cad421a894665484aa74f17300400e67877fdf480c", size = 4054025, upload-time = "2026-07-11T15:31:25.816Z" },
    { url = "https://files.pythonhosted.org/packages/56/d2/465cb12ff73e63ee0db2c3563adc6bd9baf8b6bcd9f06678c60e5aa0e2b1/wreq-0.12.1-cp311-abi3-manylinux_2_38_i686.whl", hash = "sha256:373442a0de17e4a5955ae1ba0a42449f87b4de8f4212e481926ae2c078d9a825", size = 4513917, upload-time = "2026-07-11T15:31:27.598Z" },
    { url = "https://files.pythonhosted.org/packages/aa/67/3e8dd48c049e05eb5d28f9b66aaaf562d414165ad7acf1f26af431fb9a1f/wreq-0.12.1-cp311-abi3-musllinux_1_2_aarch64.whl", hash = "sha256:8b89a6a6b836c004044cee4fa3ff6eb3c99a30abd1bd925ece5dd3540e8942ab", size = 3943875, upload-time = "2026-07-11T15:31:29.631Z" },
    { url = "https://files.pythonhosted.org/packages/d3/ab/23b723d95683cc013a9a3f6c81801e83dd62928a05051099be351ed96c3c/wreq-0.12.1-cp311-abi3-musllinux_1_2_armv7l.whl", hash = "sha256:eabf105d4ae1d16eadb09283b65e0da106ccafc78d658ddce774f44b7165d053", size = 3789709, upload-time = "2026-07-11T15:31:31.519Z" },
    { url = "https://files.pythonhosted.org/packages/3b/78/8cdc462326510ffe79e2b7feb2f50e23bd6e3baa96b2b4390ca275583a05/wreq-0.12.1-cp311-abi3-musllinux_1_2_i686.whl", hash = "sha256:18fb64777e9eaff478c6b3c881ebb0c9c20e062ba7b3ca175a70654115f314aa", size = 4063736, upload-time = "2026-07-11T15:31:33.15Z" },
    { url = "https://files.pythonhosted.org/packages/22/10/ea7602d31c1cbd2959f8e6d2e264b77e4ee7f4adde5fa94ff99951b26293/wreq-0.12.1-cp311-abi3-musllinux_1_2_x86_64.whl", hash = "sha256:314cd2df4fb6b6e5935bbe780980d06ea723f01921e6ceb04cc006ce280f6e56", size = 4186162, upload-time = "2026-07-11T15:31:34.906Z" },
    { url = "https://files.pythonhosted.org/packages/95/c3/6becc766cf6cd08eed76119b684877e50763bf1d23250cfd7b3b0a91aa2a/wreq-0.12.1-cp311-abi3-win32.whl", hash = "sha256:c28c83bed2a8bafb02653161ee3382e69a357212cbda84cb1d117e0a6b6c2009", size = 3788179, upload-time = "2026-07-11T15:31:36.415Z" },
    { url = "https://files.pythonhosted.org/packages/8b/92/6072b86d9cb1d3ca120ba69c0cf3a96d7c17a10c1c419a9bb172e8688495/wreq-0.12.1-cp311-abi3-win_amd64.whl", hash = "sha256:e42d40fe7dbce0249b4a46cb5aa6bd359ceeba983ff7ab1073b68cb4bc6a1582", size = 4149273, upload-time = "2026-07-11T15:31:38.197Z" },
    { url = "https://files.pythonhosted.org/packages/5c/fd/cfa490bc3840658bce37d715824b533ade774e65fca9f12b1183baadfbda/wreq-0.12.1-cp311-abi3-win_arm64.whl", hash = "sha256:dc8e8df0ca97b7591b59eb280ce549200f96d68c50e398aba009a8483dae66d9", size = 3812392, upload-time = "2026-07-11T15:31:40.006Z" },
    { url = "https://files.pythonhosted.org/packages/e2/3c/9dbf6c9c868a9798347cd86e409b8d35c256db9e67761cb099537e8e763c/wreq-0.12.1-cp314-abi3-android_24_arm64_v8a.whl", hash = "sha256:2373f7133be1c30a9cb20aa323249e5ff842546edcb0906c6a770b66062a7c7f", size = 3991077, upload-time = "2026-07-11T15:31:41.547Z" },
    { url = "https://files.pythonhosted.org/packages/89/16/9baced7ce7b397ab6a1153f2ee53443709471f4d171bd37a0fb59bb3d12e/wreq-0.12.1-cp314-abi3-android_24_x86_64.whl", hash = "sha256:c17c2eb3e425c661fdb2061bb260600012c18b01c6a0f499a4bfe2e4041e190a", size = 4127936, upload-time = "2026-07-11T15:31:43.131Z" },
    { url = "https://files.pythonhosted.org/packages/63/0d/67605872801fc2f5b5a5eab20a18b08018d5d958efa8c0b058dd61819dbd/wreq-0.12.1-cp314-cp314t-macosx_10_12_x86_64.whl", hash = "sha256:072886761fd5f7364b420cc33510a28a437d46cc692b96a075b3e02242a20554", size = 4103235, upload-time = "2026-07-11T15:31:44.689Z" },
    { url = "https://files.pythonhosted.org/packages/99/b2/b71f5c540a76e0a3d70fe80b2b4ecbe9ac552428f1f26c2efd527e971012/wreq-0.12.1-cp314-cp314t-macosx_11_0_arm64.whl", hash = "sha256:41dd6241ac287c097ebb4e5ae4800d540c384873e952b2aad09ac91c1d2865d5", size = 3874805, upload-time = "2026-07-11T15:31:46.14Z" },
    { url = "https://files.pythonhosted.org/packages/dd/d3/efa8147097292f292c82637f9fb126e28e3e2cc69d3577f5432f0ac65975/wreq-0.12.1-cp314-cp314t-manylinux_2_17_x86_64.manylinux2014_x86_64.whl", hash = "sha256:3423cf776ab0db2688a972824137c1263d03e228dc2863eb2db286230bbc4d12", size = 4361033, upload-time = "2026-07-11T15:31:47.665Z" },
    { url = "https://files.pythonhosted.org/packages/53/f7/ef924e2136a14e81123e60303eab06eb8a855270bf298bee52a2e409b7c8/wreq-0.12.1-cp314-cp314t-manylinux_2_34_aarch64.whl", hash = "sha256:70bbec9af3e2fcab49dcd67ca0644aa881fd4eb07f07e4ee26f81eb845c0e03c", size = 4339290, upload-time = "2026-07-11T15:31:49.317Z" },
    { url = "https://files.pythonhosted.org/packages/28/c2/efe6650de7c7b506000e9399b45ba911caf44b04439ef17707ad705f3235/wreq-0.12.1-cp314-cp314t-manylinux_2_34_armv7l.whl", hash = "sha256:11d0e93556c2662ef0b3ff2948d9f1a5c3194d12bbef4026cffdd6152e722d58", size = 4044109, upload-time = "2026-07-11T15:31:50.927Z" },
    { url = "https://files.pythonhosted.org/packages/ba/37/cd97239983ea44904835a1a0356199bf3bc5b5218fcb32ef20965599ab72/wreq-0.12.1-cp314-cp314t-manylinux_2_38_i686.whl", hash = "sha256:9359604ac7f83253528284ccda824ccd4342ce922ad47778c605944c4a2366e6", size = 4500693, upload-time = "2026-07-11T15:31:52.822Z" },
    { url = "https://files.pythonhosted.org/packages/3b/0c/ff49d977ae234308c46696c0bb043168f2e7f21ca09dd0b3797d48ab7463/wreq-0.12.1-cp314-cp314t-musllinux_1_2_aarch64.whl", hash = "sha256:0198ef7a7bcf0397e356add70baddb21d8abfc3ab3ca73e2fd64954d797b9846", size = 3939944, upload-time = "2026-07-11T15:31:54.583Z" },
    { url = "https://files.pythonhosted.org/packages/02/6c/dfa605719d2a7ac2b9c5211984b1342cb837b0e89f2dc4444ae62456ac71/wreq-0.12.1-cp314-cp314t-musllinux_1_2_armv7l.whl", hash = "sha256:ddea79c56376616a5cf40483241a071074be9cf8af1f42f9b6866a6d31cc90c5", size = 3779576, upload-time = "2026-07-11T15:31:56.107Z" },
    { url = "https://files.pythonhosted.org/packages/a1/f0/3346925e46e24005315db9181f48ccdc6b1073d4af58383418439f6d6d33/wreq-0.12.1-cp314-cp314t-musllinux_1_2_i686.whl", hash = "sha256:bf05d859ba2d9bb27f2f36fade24ecc1c2abedd3f7e3f3a4f8b92c3a700824fb", size = 4052552, upload-time = "2026-07-11T15:31:57.614Z" },
    { url = "https://files.pythonhosted.org/packages/8f/b0/2e88fe219efd49cc01d4e04b3bba0fd25ed1a9372a89c01c2eec3fd33554/wreq-0.12.1-cp314-cp314t-musllinux_1_2_x86_64.whl", hash = "sha256:0362bf61471d055b96037494901392a13b1dbb6c688b46345315d31690b74498", size = 4183037, upload-time = "2026-07-11T15:31:59.286Z" },
    { url = "https://files.pythonhosted.org/packages/30/b7/d289f6c01e75f81c77582b3240313df8102c06c775be8b6967b08fc546b3/wreq-0.12.1-cp314-cp314t-win32.whl", hash = "sha256:03eead6508200bb700b2a48ad79a29590e417fca8043d99d1740cada5f755f41", size = 3769337, upload-time = "2026-07-11T15:32:00.838Z" },
    { url = "https://files.pythonhosted.org/packages/d8/d2/7f2ddc9fa0e0e07a2766777d86834ff81a0bd3d6bb2dca74a20280f19265/wreq-0.12.1-cp314-cp314t-win_amd64.whl", hash = "sha256:e9ac6bde60b5c49b5156c0f3c4e9276ba50f1fc39f3d2979598d96919f007206", size = 4135100, upload-time = "2026-07-11T15:32:02.549Z" },
    { url = "https://files.pythonhosted.org/packages/32/c2/0812298e84f6f1889ebd7556dcc40ddf0f8ff2103ca47676de8422d34b47/wreq-0.12.1-cp314-cp314t-win_arm64.whl", hash = "sha256:df0b53224246bc5d83593c97dafe31a0ad89605941b1dd53297a3c339477c888", size = 3799784, upload-time = "2026-07-11T15:32:04.091Z" },
]
